
Microsoft Visual Studio Solution File, Format Version 12.00
# Visual Studio Version 16
VisualStudioVersion = 16.0.30413.136
MinimumVisualStudioVersion = 10.0.40219.1
Project("{FAE04EC0-301F-11D3-BF4B-00C04F79EFBC}") = "GenericBoxOfString", "GenericBoxOfString\GenericBoxOfString.csproj", "{35BEB4AD-A901-4B52-A642-E6F92E492352}"
EndProject
Project("{FAE04EC0-301F-11D3-BF4B-00C04F79EFBC}") = "GenericSwapMethod", "GenericSwapMethod\GenericSwapMethod.csproj", "{8933160D-A57E-4D00-8FC8-ABB1EEE1FADA}"
EndProject
Project("{FAE04EC0-301F-11D3-BF4B-00C04F79EFBC}") = "GenericCountMethod", "GenericCountMethod\GenericCountMethod.csproj", "{0DB7DD46-D795-4F41-BD3D-94E473BCCC00}"
EndProject
Project("{FAE04EC0-301F-11D3-BF4B-00C04F79EFBC}") = "Tuple", "Tuple\Tuple.csproj", "{753AF10B-9129-4F7E-89D6-180A14FDDD0E}"
EndProject
Project("{FAE04EC0-301F-11D3-BF4B-00C04F79EFBC}") = "CustomLinkedList", "CustomLinkedList\CustomLinkedList.csproj", "{C111C27E-AE6B-4C9F-BAE3-A0CA51485E79}"
EndProject
Global
	GlobalSection(SolutionConfigurationPlatforms) = preSolution
		Debug|Any CPU = Debug|Any CPU
		Release|Any CPU = Release|Any CPU
	EndGlobalSection
	GlobalSection(ProjectConfigurationPlatforms) = postSolution
		{35BEB4AD-A901-4B52-A642-E6F92E492352}.Debug|Any CPU.ActiveCfg = Debug|Any CPU
		{35BEB4AD-A901-4B52-A642-E6F92E492352}.Debug|Any CPU.Build.0 = Debug|Any CPU
		{35BEB4AD-A901-4B52-A642-E6F92E492352}.Release|Any CPU.ActiveCfg = Release|Any CPU
		{35BEB4AD-A901-4B52-A642-E6F92E492352}.Release|Any CPU.Build.0 = Release|Any CPU
		{8933160D-A57E-4D00-8FC8-ABB1EEE1FADA}.Debug|Any CPU.ActiveCfg = Debug|Any CPU
		{8933160D-A57E-4D00-8FC8-ABB1EEE1FADA}.Debug|Any CPU.Build.0 = Debug|Any CPU
		{8933160D-A57E-4D00-8FC8-ABB1EEE1FADA}.Release|Any CPU.ActiveCfg = Release|Any CPU
		{8933160D-A57E-4D00-8FC8-ABB1EEE1FADA}.Release|Any CPU.Build.0 = Release|Any CPU
		{0DB7DD46-D795-4F41-BD3D-94E473BCCC00}.Debug|Any CPU.ActiveCfg = Debug|Any CPU
		{0DB7DD46-D795-4F41-BD3D-94E473BCCC00}.Debug|Any CPU.Build.0 = Debug|Any CPU
		{0DB7DD46-D795-4F41-BD3D-94E473BCCC00}.Release|Any CPU.ActiveCfg = Release|Any CPU
		{0DB7DD46-D795-4F41-BD3D-94E473BCCC00}.Release|Any CPU.Build.0 = Release|Any CPU
		{753AF10B-9129-4F7E-89D6-180A14FDDD0E}.Debug|Any CPU.ActiveCfg = Debug|Any CPU
		{753AF10B-9129-4F7E-89D6-180A14FDDD0E}.Debug|Any CPU.Build.0 = Debug|Any CPU
		{753AF10B-9129-4F7E-89D6-180A14FDDD0E}.Release|Any CPU.ActiveCfg = Release|Any CPU
		{753AF10B-9129-4F7E-89D6-180A14FDDD0E}.Release|Any CPU.Build.0 = Release|Any CPU
		{C111C27E-AE6B-4C9F-BAE3-A0CA51485E79}.Debug|Any CPU.ActiveCfg = Debug|Any CPU
		{C111C27E-AE6B-4C9F-BAE3-A0CA51485E79}.Debug|Any CPU.Build.0 = Debug|Any CPU
		{C111C27E-AE6B-4C9F-BAE3-A0CA51485E79}.Release|Any CPU.ActiveCfg = Release|Any CPU
		{C111C27E-AE6B-4C9F-BAE3-A0CA51485E79}.Release|Any CPU.Build.0 = Release|Any CPU
	EndGlobalSection
	GlobalSection(SolutionProperties) = preSolution
		HideSolutionNode = FALSE
	EndGlobalSection
	GlobalSection(ExtensibilityGlobals) = postSolution
		SolutionGuid = {1BCA745D-65F5-4BFF-8F6A-39847DA696DA}
	EndGlobalSection
EndGlobal
