
Microsoft Visual Studio Solution File, Format Version 12.00
# Visual Studio Version 16
VisualStudioVersion = 16.0.30406.217
MinimumVisualStudioVersion = 10.0.40219.1
Project("{FAE04EC0-301F-11D3-BF4B-00C04F79EFBC}") = "Sort Even Numbers", "Sort Even Numbers\Sort Even Numbers.csproj", "{574FFE27-0680-4E89-BF84-0364522211D2}"
EndProject
Project("{FAE04EC0-301F-11D3-BF4B-00C04F79EFBC}") = "Sum Numbers", "Sum Numbers\Sum Numbers.csproj", "{D8792B2A-3CE3-4BBF-86CC-ABFED76F582E}"
EndProject
Project("{FAE04EC0-301F-11D3-BF4B-00C04F79EFBC}") = "Count Uppercase Words", "Count Uppercase Words\Count Uppercase Words.csproj", "{2D82B90F-227F-44F8-8CB5-1429A938618E}"
EndProject
Project("{FAE04EC0-301F-11D3-BF4B-00C04F79EFBC}") = "Add VAT", "Add VAT\Add VAT.csproj", "{EBACB16D-651C-428C-9C89-F7A82A0A11F4}"
EndProject
Project("{FAE04EC0-301F-11D3-BF4B-00C04F79EFBC}") = "Filter By Age", "Filter By Age\Filter By Age.csproj", "{0AFBC126-D8AD-48A4-9477-53C118444DA4}"
EndProject
Global
	GlobalSection(SolutionConfigurationPlatforms) = preSolution
		Debug|Any CPU = Debug|Any CPU
		Release|Any CPU = Release|Any CPU
	EndGlobalSection
	GlobalSection(ProjectConfigurationPlatforms) = postSolution
		{574FFE27-0680-4E89-BF84-0364522211D2}.Debug|Any CPU.ActiveCfg = Debug|Any CPU
		{574FFE27-0680-4E89-BF84-0364522211D2}.Debug|Any CPU.Build.0 = Debug|Any CPU
		{574FFE27-0680-4E89-BF84-0364522211D2}.Release|Any CPU.ActiveCfg = Release|Any CPU
		{574FFE27-0680-4E89-BF84-0364522211D2}.Release|Any CPU.Build.0 = Release|Any CPU
		{D8792B2A-3CE3-4BBF-86CC-ABFED76F582E}.Debug|Any CPU.ActiveCfg = Debug|Any CPU
		{D8792B2A-3CE3-4BBF-86CC-ABFED76F582E}.Debug|Any CPU.Build.0 = Debug|Any CPU
		{D8792B2A-3CE3-4BBF-86CC-ABFED76F582E}.Release|Any CPU.ActiveCfg = Release|Any CPU
		{D8792B2A-3CE3-4BBF-86CC-ABFED76F582E}.Release|Any CPU.Build.0 = Release|Any CPU
		{2D82B90F-227F-44F8-8CB5-1429A938618E}.Debug|Any CPU.ActiveCfg = Debug|Any CPU
		{2D82B90F-227F-44F8-8CB5-1429A938618E}.Debug|Any CPU.Build.0 = Debug|Any CPU
		{2D82B90F-227F-44F8-8CB5-1429A938618E}.Release|Any CPU.ActiveCfg = Release|Any CPU
		{2D82B90F-227F-44F8-8CB5-1429A938618E}.Release|Any CPU.Build.0 = Release|Any CPU
		{EBACB16D-651C-428C-9C89-F7A82A0A11F4}.Debug|Any CPU.ActiveCfg = Debug|Any CPU
		{EBACB16D-651C-428C-9C89-F7A82A0A11F4}.Debug|Any CPU.Build.0 = Debug|Any CPU
		{EBACB16D-651C-428C-9C89-F7A82A0A11F4}.Release|Any CPU.ActiveCfg = Release|Any CPU
		{EBACB16D-651C-428C-9C89-F7A82A0A11F4}.Release|Any CPU.Build.0 = Release|Any CPU
		{0AFBC126-D8AD-48A4-9477-53C118444DA4}.Debug|Any CPU.ActiveCfg = Debug|Any CPU
		{0AFBC126-D8AD-48A4-9477-53C118444DA4}.Debug|Any CPU.Build.0 = Debug|Any CPU
		{0AFBC126-D8AD-48A4-9477-53C118444DA4}.Release|Any CPU.ActiveCfg = Release|Any CPU
		{0AFBC126-D8AD-48A4-9477-53C118444DA4}.Release|Any CPU.Build.0 = Release|Any CPU
	EndGlobalSection
	GlobalSection(SolutionProperties) = preSolution
		HideSolutionNode = FALSE
	EndGlobalSection
	GlobalSection(ExtensibilityGlobals) = postSolution
		SolutionGuid = {AFCA9AFB-3600-471F-B028-873417CDE372}
	EndGlobalSection
EndGlobal
