
Microsoft Visual Studio Solution File, Format Version 12.00
# Visual Studio Version 16
VisualStudioVersion = 16.0.30406.217
MinimumVisualStudioVersion = 10.0.40219.1
Project("{9A19103F-16F7-4668-BE54-9A1E7A4F7556}") = "Sets and Dictionaries ex", "Sets and Dictionaries ex\Sets and Dictionaries ex.csproj", "{CED311FB-BDDF-4D01-B241-BC6597113866}"
EndProject
Project("{9A19103F-16F7-4668-BE54-9A1E7A4F7556}") = "Sets of Elements", "Sets of Elements\Sets of Elements.csproj", "{30F8BF69-83EB-4D45-83B1-E360E9B22904}"
EndProject
Project("{9A19103F-16F7-4668-BE54-9A1E7A4F7556}") = "Periodic Table", "Periodic Table\Periodic Table.csproj", "{AC3169F7-EA73-481B-9C08-F6FE616C1BE2}"
EndProject
Project("{9A19103F-16F7-4668-BE54-9A1E7A4F7556}") = "Even Times", "Even Times\Even Times.csproj", "{8470D0F7-5BED-42E1-BC1A-03590F4EA917}"
EndProject
Project("{9A19103F-16F7-4668-BE54-9A1E7A4F7556}") = "Count Symbols", "Count Symbols\Count Symbols.csproj", "{2405AB88-71A3-4260-B596-E1D681D26780}"
EndProject
Project("{9A19103F-16F7-4668-BE54-9A1E7A4F7556}") = "Wardrobe", "Wardrobe\Wardrobe.csproj", "{DB083C27-7AAB-4C7A-B147-C3049C817A67}"
EndProject
Project("{9A19103F-16F7-4668-BE54-9A1E7A4F7556}") = "The V-Logger", "The V-Logger\The V-Logger.csproj", "{BA15A26E-ACE2-4D65-9B36-294BC554B256}"
EndProject
Project("{FAE04EC0-301F-11D3-BF4B-00C04F79EFBC}") = "Ranking", "Ranking\Ranking.csproj", "{9D688EB3-8EC5-4539-A852-CF6944D82F86}"
EndProject
Global
	GlobalSection(SolutionConfigurationPlatforms) = preSolution
		Debug|Any CPU = Debug|Any CPU
		Release|Any CPU = Release|Any CPU
	EndGlobalSection
	GlobalSection(ProjectConfigurationPlatforms) = postSolution
		{CED311FB-BDDF-4D01-B241-BC6597113866}.Debug|Any CPU.ActiveCfg = Debug|Any CPU
		{CED311FB-BDDF-4D01-B241-BC6597113866}.Debug|Any CPU.Build.0 = Debug|Any CPU
		{CED311FB-BDDF-4D01-B241-BC6597113866}.Release|Any CPU.ActiveCfg = Release|Any CPU
		{CED311FB-BDDF-4D01-B241-BC6597113866}.Release|Any CPU.Build.0 = Release|Any CPU
		{30F8BF69-83EB-4D45-83B1-E360E9B22904}.Debug|Any CPU.ActiveCfg = Debug|Any CPU
		{30F8BF69-83EB-4D45-83B1-E360E9B22904}.Debug|Any CPU.Build.0 = Debug|Any CPU
		{30F8BF69-83EB-4D45-83B1-E360E9B22904}.Release|Any CPU.ActiveCfg = Release|Any CPU
		{30F8BF69-83EB-4D45-83B1-E360E9B22904}.Release|Any CPU.Build.0 = Release|Any CPU
		{AC3169F7-EA73-481B-9C08-F6FE616C1BE2}.Debug|Any CPU.ActiveCfg = Debug|Any CPU
		{AC3169F7-EA73-481B-9C08-F6FE616C1BE2}.Debug|Any CPU.Build.0 = Debug|Any CPU
		{AC3169F7-EA73-481B-9C08-F6FE616C1BE2}.Release|Any CPU.ActiveCfg = Release|Any CPU
		{AC3169F7-EA73-481B-9C08-F6FE616C1BE2}.Release|Any CPU.Build.0 = Release|Any CPU
		{8470D0F7-5BED-42E1-BC1A-03590F4EA917}.Debug|Any CPU.ActiveCfg = Debug|Any CPU
		{8470D0F7-5BED-42E1-BC1A-03590F4EA917}.Debug|Any CPU.Build.0 = Debug|Any CPU
		{8470D0F7-5BED-42E1-BC1A-03590F4EA917}.Release|Any CPU.ActiveCfg = Release|Any CPU
		{8470D0F7-5BED-42E1-BC1A-03590F4EA917}.Release|Any CPU.Build.0 = Release|Any CPU
		{2405AB88-71A3-4260-B596-E1D681D26780}.Debug|Any CPU.ActiveCfg = Debug|Any CPU
		{2405AB88-71A3-4260-B596-E1D681D26780}.Debug|Any CPU.Build.0 = Debug|Any CPU
		{2405AB88-71A3-4260-B596-E1D681D26780}.Release|Any CPU.ActiveCfg = Release|Any CPU
		{2405AB88-71A3-4260-B596-E1D681D26780}.Release|Any CPU.Build.0 = Release|Any CPU
		{DB083C27-7AAB-4C7A-B147-C3049C817A67}.Debug|Any CPU.ActiveCfg = Debug|Any CPU
		{DB083C27-7AAB-4C7A-B147-C3049C817A67}.Debug|Any CPU.Build.0 = Debug|Any CPU
		{DB083C27-7AAB-4C7A-B147-C3049C817A67}.Release|Any CPU.ActiveCfg = Release|Any CPU
		{DB083C27-7AAB-4C7A-B147-C3049C817A67}.Release|Any CPU.Build.0 = Release|Any CPU
		{BA15A26E-ACE2-4D65-9B36-294BC554B256}.Debug|Any CPU.ActiveCfg = Debug|Any CPU
		{BA15A26E-ACE2-4D65-9B36-294BC554B256}.Debug|Any CPU.Build.0 = Debug|Any CPU
		{BA15A26E-ACE2-4D65-9B36-294BC554B256}.Release|Any CPU.ActiveCfg = Release|Any CPU
		{BA15A26E-ACE2-4D65-9B36-294BC554B256}.Release|Any CPU.Build.0 = Release|Any CPU
		{9D688EB3-8EC5-4539-A852-CF6944D82F86}.Debug|Any CPU.ActiveCfg = Debug|Any CPU
		{9D688EB3-8EC5-4539-A852-CF6944D82F86}.Debug|Any CPU.Build.0 = Debug|Any CPU
		{9D688EB3-8EC5-4539-A852-CF6944D82F86}.Release|Any CPU.ActiveCfg = Release|Any CPU
		{9D688EB3-8EC5-4539-A852-CF6944D82F86}.Release|Any CPU.Build.0 = Release|Any CPU
	EndGlobalSection
	GlobalSection(SolutionProperties) = preSolution
		HideSolutionNode = FALSE
	EndGlobalSection
	GlobalSection(ExtensibilityGlobals) = postSolution
		SolutionGuid = {33951230-7588-4F10-BC44-1D57ECA3CC37}
	EndGlobalSection
EndGlobal
