
Microsoft Visual Studio Solution File, Format Version 12.00
# Visual Studio Version 16
VisualStudioVersion = 16.0.30503.244
MinimumVisualStudioVersion = 10.0.40219.1
Project("{9A19103F-16F7-4668-BE54-9A1E7A4F7556}") = "ListyIterator", "ListyIterator\ListyIterator.csproj", "{693F176C-1726-416E-A67C-461E4C12D9A5}"
EndProject
Project("{9A19103F-16F7-4668-BE54-9A1E7A4F7556}") = "Stack", "Stack\Stack.csproj", "{9F056B1F-BDDC-49B7-8630-9E1E441114EC}"
EndProject
Project("{9A19103F-16F7-4668-BE54-9A1E7A4F7556}") = "Froggy", "Froggy\Froggy.csproj", "{1AA0388B-3407-4CAF-B629-45CA9066E690}"
EndProject
Project("{9A19103F-16F7-4668-BE54-9A1E7A4F7556}") = "Comparing Objects", "Comparing Objects\Comparing Objects.csproj", "{02946346-3E7C-46B7-94C7-8FE798EB6CBC}"
EndProject
Global
	GlobalSection(SolutionConfigurationPlatforms) = preSolution
		Debug|Any CPU = Debug|Any CPU
		Release|Any CPU = Release|Any CPU
	EndGlobalSection
	GlobalSection(ProjectConfigurationPlatforms) = postSolution
		{693F176C-1726-416E-A67C-461E4C12D9A5}.Debug|Any CPU.ActiveCfg = Debug|Any CPU
		{693F176C-1726-416E-A67C-461E4C12D9A5}.Debug|Any CPU.Build.0 = Debug|Any CPU
		{693F176C-1726-416E-A67C-461E4C12D9A5}.Release|Any CPU.ActiveCfg = Release|Any CPU
		{693F176C-1726-416E-A67C-461E4C12D9A5}.Release|Any CPU.Build.0 = Release|Any CPU
		{9F056B1F-BDDC-49B7-8630-9E1E441114EC}.Debug|Any CPU.ActiveCfg = Debug|Any CPU
		{9F056B1F-BDDC-49B7-8630-9E1E441114EC}.Debug|Any CPU.Build.0 = Debug|Any CPU
		{9F056B1F-BDDC-49B7-8630-9E1E441114EC}.Release|Any CPU.ActiveCfg = Release|Any CPU
		{9F056B1F-BDDC-49B7-8630-9E1E441114EC}.Release|Any CPU.Build.0 = Release|Any CPU
		{1AA0388B-3407-4CAF-B629-45CA9066E690}.Debug|Any CPU.ActiveCfg = Debug|Any CPU
		{1AA0388B-3407-4CAF-B629-45CA9066E690}.Debug|Any CPU.Build.0 = Debug|Any CPU
		{1AA0388B-3407-4CAF-B629-45CA9066E690}.Release|Any CPU.ActiveCfg = Release|Any CPU
		{1AA0388B-3407-4CAF-B629-45CA9066E690}.Release|Any CPU.Build.0 = Release|Any CPU
		{02946346-3E7C-46B7-94C7-8FE798EB6CBC}.Debug|Any CPU.ActiveCfg = Debug|Any CPU
		{02946346-3E7C-46B7-94C7-8FE798EB6CBC}.Debug|Any CPU.Build.0 = Debug|Any CPU
		{02946346-3E7C-46B7-94C7-8FE798EB6CBC}.Release|Any CPU.ActiveCfg = Release|Any CPU
		{02946346-3E7C-46B7-94C7-8FE798EB6CBC}.Release|Any CPU.Build.0 = Release|Any CPU
	EndGlobalSection
	GlobalSection(SolutionProperties) = preSolution
		HideSolutionNode = FALSE
	EndGlobalSection
	GlobalSection(ExtensibilityGlobals) = postSolution
		SolutionGuid = {FF5FA262-00C3-4DCD-8926-187AEB31D772}
	EndGlobalSection
EndGlobal
